
Microsoft Visual Studio Solution File, Format Version 12.00
# Visual Studio Version 16
VisualStudioVersion = 16.0.30011.22
MinimumVisualStudioVersion = 10.0.40219.1
Project("{FAE04EC0-301F-11D3-BF4B-00C04F79EFBC}") = "CafeApps.Web", "CafeApps.Web\CafeApps.Web.csproj", "{5859B4E3-68FC-4B52-8240-D6C014A6D5EB}"
EndProject
Global
	GlobalSection(SolutionConfigurationPlatforms) = preSolution
		Debug|Any CPU = Debug|Any CPU
		Release|Any CPU = Release|Any CPU
	EndGlobalSection
	GlobalSection(ProjectConfigurationPlatforms) = postSolution
		{5859B4E3-68FC-4B52-8240-D6C014A6D5EB}.Debug|Any CPU.ActiveCfg = Debug|Any CPU
		{5859B4E3-68FC-4B52-8240-D6C014A6D5EB}.Debug|Any CPU.Build.0 = Debug|Any CPU
		{5859B4E3-68FC-4B52-8240-D6C014A6D5EB}.Release|Any CPU.ActiveCfg = Release|Any CPU
		{5859B4E3-68FC-4B52-8240-D6C014A6D5EB}.Release|Any CPU.Build.0 = Release|Any CPU
	EndGlobalSection
	GlobalSection(SolutionProperties) = preSolution
		HideSolutionNode = FALSE
	EndGlobalSection
	GlobalSection(ExtensibilityGlobals) = postSolution
		SolutionGuid = {653E99B1-C5ED-48A6-BF79-8B05339BF5D8}
	EndGlobalSection
EndGlobal
